
Microsoft Visual Studio Solution File, Format Version 12.00
# Visual Studio Version 16
VisualStudioVersion = 16.0.30621.155
MinimumVisualStudioVersion = 10.0.40219.1
Project("{FAE04EC0-301F-11D3-BF4B-00C04F79EFBC}") = "ParkingDataSetup", "ParkingDataSetup.csproj", "{9B39916A-C281-41AD-9CEE-E12A791D9D18}"
EndProject
Global
	GlobalSection(SolutionConfigurationPlatforms) = preSolution
		Debug|Any CPU = Debug|Any CPU
		Release|Any CPU = Release|Any CPU
	EndGlobalSection
	GlobalSection(ProjectConfigurationPlatforms) = postSolution
		{9B39916A-C281-41AD-9CEE-E12A791D9D18}.Debug|Any CPU.ActiveCfg = Debug|Any CPU
		{9B39916A-C281-41AD-9CEE-E12A791D9D18}.Debug|Any CPU.Build.0 = Debug|Any CPU
		{9B39916A-C281-41AD-9CEE-E12A791D9D18}.Release|Any CPU.ActiveCfg = Release|Any CPU
		{9B39916A-C281-41AD-9CEE-E12A791D9D18}.Release|Any CPU.Build.0 = Release|Any CPU
	EndGlobalSection
	GlobalSection(SolutionProperties) = preSolution
		HideSolutionNode = FALSE
	EndGlobalSection
	GlobalSection(ExtensibilityGlobals) = postSolution
		SolutionGuid = {5D155951-80DA-4958-82BD-0FFFB99539A5}
	EndGlobalSection
EndGlobal
